
Microsoft Visual Studio Solution File, Format Version 12.00
# Visual Studio Version 17
VisualStudioVersion = 17.0.31903.59
MinimumVisualStudioVersion = 10.0.40219.1
Project("{FAE04EC0-301F-11D3-BF4B-00C04F79EFBC}") = "Ortalama Hesaplama", "Ortalama Hesaplama\Ortalama Hesaplama.csproj", "{0EB16D39-8F49-4936-A2AE-7B13F6A8ED90}"
EndProject
Project("{FAE04EC0-301F-11D3-BF4B-00C04F79EFBC}") = "Üçgen Çizme", "..\Üçgen Çizme\Üçgen Çizme.csproj", "{81682F9A-6DEC-4C17-A77A-3516F978243F}"
EndProject
Project("{FAE04EC0-301F-11D3-BF4B-00C04F79EFBC}") = "Ucgen Çizme", "..\Ucgen Çizme\Ucgen Çizme.csproj", "{CB65C8F3-6EE6-4675-AEC3-F0FC09347ECC}"
EndProject
Project("{FAE04EC0-301F-11D3-BF4B-00C04F79EFBC}") = "Sekil Cizimi", "..\Sekil Cizimi\Sekil Cizimi.csproj", "{86F588A1-B9A2-4B12-9C04-5A7C337DE362}"
EndProject
Project("{FAE04EC0-301F-11D3-BF4B-00C04F79EFBC}") = "String Karakter Eksilt", "..\String Karakter Eksilt\String Karakter Eksilt.csproj", "{E5B36DFB-E776-4662-820E-132525161C5F}"
EndProject
Project("{FAE04EC0-301F-11D3-BF4B-00C04F79EFBC}") = "String Ters Çevir", "..\String Ters Çevir\String Ters Çevir.csproj", "{20B4829E-114D-43E1-B686-00797F5A436C}"
EndProject
Project("{FAE04EC0-301F-11D3-BF4B-00C04F79EFBC}") = "Alan Hesapla", "..\Alan Hesapla\Alan Hesapla.csproj", "{2C6F5718-602B-4231-A7F3-B180AAA2CB21}"
EndProject
Project("{FAE04EC0-301F-11D3-BF4B-00C04F79EFBC}") = "Integer Toplam", "..\Integer Toplam\Integer Toplam.csproj", "{76C282FF-6C38-404B-9A8C-586A3856B626}"
EndProject
Project("{FAE04EC0-301F-11D3-BF4B-00C04F79EFBC}") = "Kare Alma", "..\Kare Alma\Kare Alma.csproj", "{D17212EF-738E-49D3-938D-683EC2A06772}"
EndProject
Project("{FAE04EC0-301F-11D3-BF4B-00C04F79EFBC}") = "String Yer Değiştirme", "..\String Yer Değiştirme\String Yer Değiştirme.csproj", "{B3A7136B-97F8-4BAA-B74E-68CB42292DB7}"
EndProject
Project("{FAE04EC0-301F-11D3-BF4B-00C04F79EFBC}") = "Sessiz Harf", "..\Sessiz Harf\Sessiz Harf.csproj", "{BC5EC469-E137-46EC-B1B4-42FE91880A82}"
EndProject
Project("{FAE04EC0-301F-11D3-BF4B-00C04F79EFBC}") = "Vote", "..\Vote\Vote.csproj", "{15B866FF-A5C6-4730-B3F5-F37FC9B55D90}"
EndProject
Global
	GlobalSection(SolutionConfigurationPlatforms) = preSolution
		Debug|Any CPU = Debug|Any CPU
		Release|Any CPU = Release|Any CPU
	EndGlobalSection
	GlobalSection(SolutionProperties) = preSolution
		HideSolutionNode = FALSE
	EndGlobalSection
	GlobalSection(ProjectConfigurationPlatforms) = postSolution
		{0EB16D39-8F49-4936-A2AE-7B13F6A8ED90}.Debug|Any CPU.ActiveCfg = Debug|Any CPU
		{0EB16D39-8F49-4936-A2AE-7B13F6A8ED90}.Debug|Any CPU.Build.0 = Debug|Any CPU
		{0EB16D39-8F49-4936-A2AE-7B13F6A8ED90}.Release|Any CPU.ActiveCfg = Release|Any CPU
		{0EB16D39-8F49-4936-A2AE-7B13F6A8ED90}.Release|Any CPU.Build.0 = Release|Any CPU
		{81682F9A-6DEC-4C17-A77A-3516F978243F}.Debug|Any CPU.ActiveCfg = Debug|Any CPU
		{81682F9A-6DEC-4C17-A77A-3516F978243F}.Debug|Any CPU.Build.0 = Debug|Any CPU
		{81682F9A-6DEC-4C17-A77A-3516F978243F}.Release|Any CPU.ActiveCfg = Release|Any CPU
		{81682F9A-6DEC-4C17-A77A-3516F978243F}.Release|Any CPU.Build.0 = Release|Any CPU
		{CB65C8F3-6EE6-4675-AEC3-F0FC09347ECC}.Debug|Any CPU.ActiveCfg = Debug|Any CPU
		{CB65C8F3-6EE6-4675-AEC3-F0FC09347ECC}.Debug|Any CPU.Build.0 = Debug|Any CPU
		{CB65C8F3-6EE6-4675-AEC3-F0FC09347ECC}.Release|Any CPU.ActiveCfg = Release|Any CPU
		{CB65C8F3-6EE6-4675-AEC3-F0FC09347ECC}.Release|Any CPU.Build.0 = Release|Any CPU
		{86F588A1-B9A2-4B12-9C04-5A7C337DE362}.Debug|Any CPU.ActiveCfg = Debug|Any CPU
		{86F588A1-B9A2-4B12-9C04-5A7C337DE362}.Debug|Any CPU.Build.0 = Debug|Any CPU
		{86F588A1-B9A2-4B12-9C04-5A7C337DE362}.Release|Any CPU.ActiveCfg = Release|Any CPU
		{86F588A1-B9A2-4B12-9C04-5A7C337DE362}.Release|Any CPU.Build.0 = Release|Any CPU
		{E5B36DFB-E776-4662-820E-132525161C5F}.Debug|Any CPU.ActiveCfg = Debug|Any CPU
		{E5B36DFB-E776-4662-820E-132525161C5F}.Debug|Any CPU.Build.0 = Debug|Any CPU
		{E5B36DFB-E776-4662-820E-132525161C5F}.Release|Any CPU.ActiveCfg = Release|Any CPU
		{E5B36DFB-E776-4662-820E-132525161C5F}.Release|Any CPU.Build.0 = Release|Any CPU
		{20B4829E-114D-43E1-B686-00797F5A436C}.Debug|Any CPU.ActiveCfg = Debug|Any CPU
		{20B4829E-114D-43E1-B686-00797F5A436C}.Debug|Any CPU.Build.0 = Debug|Any CPU
		{20B4829E-114D-43E1-B686-00797F5A436C}.Release|Any CPU.ActiveCfg = Release|Any CPU
		{20B4829E-114D-43E1-B686-00797F5A436C}.Release|Any CPU.Build.0 = Release|Any CPU
		{2C6F5718-602B-4231-A7F3-B180AAA2CB21}.Debug|Any CPU.ActiveCfg = Debug|Any CPU
		{2C6F5718-602B-4231-A7F3-B180AAA2CB21}.Debug|Any CPU.Build.0 = Debug|Any CPU
		{2C6F5718-602B-4231-A7F3-B180AAA2CB21}.Release|Any CPU.ActiveCfg = Release|Any CPU
		{2C6F5718-602B-4231-A7F3-B180AAA2CB21}.Release|Any CPU.Build.0 = Release|Any CPU
		{76C282FF-6C38-404B-9A8C-586A3856B626}.Debug|Any CPU.ActiveCfg = Debug|Any CPU
		{76C282FF-6C38-404B-9A8C-586A3856B626}.Debug|Any CPU.Build.0 = Debug|Any CPU
		{76C282FF-6C38-404B-9A8C-586A3856B626}.Release|Any CPU.ActiveCfg = Release|Any CPU
		{76C282FF-6C38-404B-9A8C-586A3856B626}.Release|Any CPU.Build.0 = Release|Any CPU
		{D17212EF-738E-49D3-938D-683EC2A06772}.Debug|Any CPU.ActiveCfg = Debug|Any CPU
		{D17212EF-738E-49D3-938D-683EC2A06772}.Debug|Any CPU.Build.0 = Debug|Any CPU
		{D17212EF-738E-49D3-938D-683EC2A06772}.Release|Any CPU.ActiveCfg = Release|Any CPU
		{D17212EF-738E-49D3-938D-683EC2A06772}.Release|Any CPU.Build.0 = Release|Any CPU
		{B3A7136B-97F8-4BAA-B74E-68CB42292DB7}.Debug|Any CPU.ActiveCfg = Debug|Any CPU
		{B3A7136B-97F8-4BAA-B74E-68CB42292DB7}.Debug|Any CPU.Build.0 = Debug|Any CPU
		{B3A7136B-97F8-4BAA-B74E-68CB42292DB7}.Release|Any CPU.ActiveCfg = Release|Any CPU
		{B3A7136B-97F8-4BAA-B74E-68CB42292DB7}.Release|Any CPU.Build.0 = Release|Any CPU
		{BC5EC469-E137-46EC-B1B4-42FE91880A82}.Debug|Any CPU.ActiveCfg = Debug|Any CPU
		{BC5EC469-E137-46EC-B1B4-42FE91880A82}.Debug|Any CPU.Build.0 = Debug|Any CPU
		{BC5EC469-E137-46EC-B1B4-42FE91880A82}.Release|Any CPU.ActiveCfg = Release|Any CPU
		{BC5EC469-E137-46EC-B1B4-42FE91880A82}.Release|Any CPU.Build.0 = Release|Any CPU
		{15B866FF-A5C6-4730-B3F5-F37FC9B55D90}.Debug|Any CPU.ActiveCfg = Debug|Any CPU
		{15B866FF-A5C6-4730-B3F5-F37FC9B55D90}.Debug|Any CPU.Build.0 = Debug|Any CPU
		{15B866FF-A5C6-4730-B3F5-F37FC9B55D90}.Release|Any CPU.ActiveCfg = Release|Any CPU
		{15B866FF-A5C6-4730-B3F5-F37FC9B55D90}.Release|Any CPU.Build.0 = Release|Any CPU
	EndGlobalSection
EndGlobal
